
Microsoft Visual Studio Solution File, Format Version 12.00
# Visual Studio Version 16
VisualStudioVersion = 16.0.30611.23
MinimumVisualStudioVersion = 10.0.40219.1
Project("{FAE04EC0-301F-11D3-BF4B-00C04F79EFBC}") = "PersonalAgenda.Android", "PersonalAgenda.Android\PersonalAgenda.Android.csproj", "{621E93A3-5157-4DE0-870B-102CAA26F32B}"
EndProject
Project("{FAE04EC0-301F-11D3-BF4B-00C04F79EFBC}") = "PersonalAgenda.iOS", "PersonalAgenda.iOS\PersonalAgenda.iOS.csproj", "{D64AC6CC-88DB-4F48-B757-65FD987601E2}"
EndProject
Project("{FAE04EC0-301F-11D3-BF4B-00C04F79EFBC}") = "PersonalAgenda", "PersonalAgenda\PersonalAgenda.csproj", "{09456FA0-B069-4D99-ACE3-1D68725ACAFB}"
EndProject
Global
	GlobalSection(SolutionConfigurationPlatforms) = preSolution
		Debug|Any CPU = Debug|Any CPU
		Debug|iPhone = Debug|iPhone
		Debug|iPhoneSimulator = Debug|iPhoneSimulator
		Release|Any CPU = Release|Any CPU
		Release|iPhone = Release|iPhone
		Release|iPhoneSimulator = Release|iPhoneSimulator
	EndGlobalSection
	GlobalSection(ProjectConfigurationPlatforms) = postSolution
		{621E93A3-5157-4DE0-870B-102CAA26F32B}.Debug|Any CPU.ActiveCfg = Debug|Any CPU
		{621E93A3-5157-4DE0-870B-102CAA26F32B}.Debug|Any CPU.Build.0 = Debug|Any CPU
		{621E93A3-5157-4DE0-870B-102CAA26F32B}.Debug|Any CPU.Deploy.0 = Debug|Any CPU
		{621E93A3-5157-4DE0-870B-102CAA26F32B}.Debug|iPhone.ActiveCfg = Debug|Any CPU
		{621E93A3-5157-4DE0-870B-102CAA26F32B}.Debug|iPhone.Build.0 = Debug|Any CPU
		{621E93A3-5157-4DE0-870B-102CAA26F32B}.Debug|iPhone.Deploy.0 = Debug|Any CPU
		{621E93A3-5157-4DE0-870B-102CAA26F32B}.Debug|iPhoneSimulator.ActiveCfg = Debug|Any CPU
		{621E93A3-5157-4DE0-870B-102CAA26F32B}.Debug|iPhoneSimulator.Build.0 = Debug|Any CPU
		{621E93A3-5157-4DE0-870B-102CAA26F32B}.Debug|iPhoneSimulator.Deploy.0 = Debug|Any CPU
		{621E93A3-5157-4DE0-870B-102CAA26F32B}.Release|Any CPU.ActiveCfg = Release|Any CPU
		{621E93A3-5157-4DE0-870B-102CAA26F32B}.Release|Any CPU.Build.0 = Release|Any CPU
		{621E93A3-5157-4DE0-870B-102CAA26F32B}.Release|Any CPU.Deploy.0 = Release|Any CPU
		{621E93A3-5157-4DE0-870B-102CAA26F32B}.Release|iPhone.ActiveCfg = Release|Any CPU
		{621E93A3-5157-4DE0-870B-102CAA26F32B}.Release|iPhone.Build.0 = Release|Any CPU
		{621E93A3-5157-4DE0-870B-102CAA26F32B}.Release|iPhone.Deploy.0 = Release|Any CPU
		{621E93A3-5157-4DE0-870B-102CAA26F32B}.Release|iPhoneSimulator.ActiveCfg = Release|Any CPU
		{621E93A3-5157-4DE0-870B-102CAA26F32B}.Release|iPhoneSimulator.Build.0 = Release|Any CPU
		{621E93A3-5157-4DE0-870B-102CAA26F32B}.Release|iPhoneSimulator.Deploy.0 = Release|Any CPU
		{D64AC6CC-88DB-4F48-B757-65FD987601E2}.Debug|Any CPU.ActiveCfg = Debug|iPhone
		{D64AC6CC-88DB-4F48-B757-65FD987601E2}.Debug|Any CPU.Build.0 = Debug|iPhone
		{D64AC6CC-88DB-4F48-B757-65FD987601E2}.Debug|Any CPU.Deploy.0 = Debug|iPhone
		{D64AC6CC-88DB-4F48-B757-65FD987601E2}.Debug|iPhone.ActiveCfg = Debug|iPhone
		{D64AC6CC-88DB-4F48-B757-65FD987601E2}.Debug|iPhone.Build.0 = Debug|iPhone
		{D64AC6CC-88DB-4F48-B757-65FD987601E2}.Debug|iPhone.Deploy.0 = Debug|iPhone
		{D64AC6CC-88DB-4F48-B757-65FD987601E2}.Debug|iPhoneSimulator.ActiveCfg = Debug|iPhoneSimulator
		{D64AC6CC-88DB-4F48-B757-65FD987601E2}.Debug|iPhoneSimulator.Build.0 = Debug|iPhoneSimulator
		{D64AC6CC-88DB-4F48-B757-65FD987601E2}.Debug|iPhoneSimulator.Deploy.0 = Debug|iPhoneSimulator
		{D64AC6CC-88DB-4F48-B757-65FD987601E2}.Release|Any CPU.ActiveCfg = Release|iPhoneSimulator
		{D64AC6CC-88DB-4F48-B757-65FD987601E2}.Release|Any CPU.Build.0 = Release|iPhoneSimulator
		{D64AC6CC-88DB-4F48-B757-65FD987601E2}.Release|Any CPU.Deploy.0 = Release|iPhoneSimulator
		{D64AC6CC-88DB-4F48-B757-65FD987601E2}.Release|iPhone.ActiveCfg = Release|iPhone
		{D64AC6CC-88DB-4F48-B757-65FD987601E2}.Release|iPhone.Build.0 = Release|iPhone
		{D64AC6CC-88DB-4F48-B757-65FD987601E2}.Release|iPhone.Deploy.0 = Release|iPhone
		{D64AC6CC-88DB-4F48-B757-65FD987601E2}.Release|iPhoneSimulator.ActiveCfg = Release|iPhoneSimulator
		{D64AC6CC-88DB-4F48-B757-65FD987601E2}.Release|iPhoneSimulator.Build.0 = Release|iPhoneSimulator
		{D64AC6CC-88DB-4F48-B757-65FD987601E2}.Release|iPhoneSimulator.Deploy.0 = Release|iPhoneSimulator
		{09456FA0-B069-4D99-ACE3-1D68725ACAFB}.Debug|Any CPU.ActiveCfg = Debug|Any CPU
		{09456FA0-B069-4D99-ACE3-1D68725ACAFB}.Debug|Any CPU.Build.0 = Debug|Any CPU
		{09456FA0-B069-4D99-ACE3-1D68725ACAFB}.Debug|Any CPU.Deploy.0 = Debug|Any CPU
		{09456FA0-B069-4D99-ACE3-1D68725ACAFB}.Debug|iPhone.ActiveCfg = Debug|Any CPU
		{09456FA0-B069-4D99-ACE3-1D68725ACAFB}.Debug|iPhone.Build.0 = Debug|Any CPU
		{09456FA0-B069-4D99-ACE3-1D68725ACAFB}.Debug|iPhone.Deploy.0 = Debug|Any CPU
		{09456FA0-B069-4D99-ACE3-1D68725ACAFB}.Debug|iPhoneSimulator.ActiveCfg = Debug|Any CPU
		{09456FA0-B069-4D99-ACE3-1D68725ACAFB}.Debug|iPhoneSimulator.Build.0 = Debug|Any CPU
		{09456FA0-B069-4D99-ACE3-1D68725ACAFB}.Debug|iPhoneSimulator.Deploy.0 = Debug|Any CPU
		{09456FA0-B069-4D99-ACE3-1D68725ACAFB}.Release|Any CPU.ActiveCfg = Release|Any CPU
		{09456FA0-B069-4D99-ACE3-1D68725ACAFB}.Release|Any CPU.Build.0 = Release|Any CPU
		{09456FA0-B069-4D99-ACE3-1D68725ACAFB}.Release|Any CPU.Deploy.0 = Release|Any CPU
		{09456FA0-B069-4D99-ACE3-1D68725ACAFB}.Release|iPhone.ActiveCfg = Release|Any CPU
		{09456FA0-B069-4D99-ACE3-1D68725ACAFB}.Release|iPhone.Build.0 = Release|Any CPU
		{09456FA0-B069-4D99-ACE3-1D68725ACAFB}.Release|iPhone.Deploy.0 = Release|Any CPU
		{09456FA0-B069-4D99-ACE3-1D68725ACAFB}.Release|iPhoneSimulator.ActiveCfg = Release|Any CPU
		{09456FA0-B069-4D99-ACE3-1D68725ACAFB}.Release|iPhoneSimulator.Build.0 = Release|Any CPU
		{09456FA0-B069-4D99-ACE3-1D68725ACAFB}.Release|iPhoneSimulator.Deploy.0 = Release|Any CPU
	EndGlobalSection
	GlobalSection(SolutionProperties) = preSolution
		HideSolutionNode = FALSE
	EndGlobalSection
	GlobalSection(ExtensibilityGlobals) = postSolution
		SolutionGuid = {A7A608C7-3CDF-41E7-B3D5-2FA147FC67CD}
	EndGlobalSection
EndGlobal
